
Microsoft Visual Studio Solution File, Format Version 12.00
# Visual Studio Version 16
VisualStudioVersion = 16.0.29230.47
MinimumVisualStudioVersion = 10.0.40219.1
Project("{FAE04EC0-301F-11D3-BF4B-00C04F79EFBC}") = "VoteCalc", "VoteCalc\VoteCalc.csproj", "{FCCA2F16-E680-4D61-953B-6FFA3E9A9060}"
EndProject
Global
	GlobalSection(SolutionConfigurationPlatforms) = preSolution
		Debug|Any CPU = Debug|Any CPU
		Release|Any CPU = Release|Any CPU
	EndGlobalSection
	GlobalSection(ProjectConfigurationPlatforms) = postSolution
		{FCCA2F16-E680-4D61-953B-6FFA3E9A9060}.Debug|Any CPU.ActiveCfg = Debug|Any CPU
		{FCCA2F16-E680-4D61-953B-6FFA3E9A9060}.Debug|Any CPU.Build.0 = Debug|Any CPU
		{FCCA2F16-E680-4D61-953B-6FFA3E9A9060}.Release|Any CPU.ActiveCfg = Release|Any CPU
		{FCCA2F16-E680-4D61-953B-6FFA3E9A9060}.Release|Any CPU.Build.0 = Release|Any CPU
	EndGlobalSection
	GlobalSection(SolutionProperties) = preSolution
		HideSolutionNode = FALSE
	EndGlobalSection
	GlobalSection(ExtensibilityGlobals) = postSolution
		SolutionGuid = {89433B44-AD4B-4792-BCBA-BFAFAB772D3F}
	EndGlobalSection
EndGlobal
